// !$*UTF8*$!
{
	archiveVersion = 1;
	classes = {
	};
	objectVersion = 46;
	objects = {

/* Begin PBXBuildFile section */
		1DCE6D52E0634FC0896D115C /* libPods.a in Frameworks */ = {isa = PBXBuildFile; fileRef = 9A25234DEFFE456DA01A5A2D /* libPods.a */; };
		CECFD5811673A633006048FA /* UIKit.framework in Frameworks */ = {isa = PBXBuildFile; fileRef = CECFD5801673A632006048FA /* UIKit.framework */; };
		CECFD5831673A633006048FA /* Foundation.framework in Frameworks */ = {isa = PBXBuildFile; fileRef = CECFD5821673A633006048FA /* Foundation.framework */; };
		CECFD5851673A633006048FA /* CoreGraphics.framework in Frameworks */ = {isa = PBXBuildFile; fileRef = CECFD5841673A633006048FA /* CoreGraphics.framework */; };
		CECFD58B1673A633006048FA /* InfoPlist.strings in Resources */ = {isa = PBXBuildFile; fileRef = CECFD5891673A633006048FA /* InfoPlist.strings */; };
		CECFD58D1673A633006048FA /* main.m in Sources */ = {isa = PBXBuildFile; fileRef = CECFD58C1673A633006048FA /* main.m */; };
		CECFD5911673A633006048FA /* AppDelegate.m in Sources */ = {isa = PBXBuildFile; fileRef = CECFD5901673A633006048FA /* AppDelegate.m */; };
		CECFD5931673A633006048FA /* Default.png in Resources */ = {isa = PBXBuildFile; fileRef = CECFD5921673A633006048FA /* Default.png */; };
		CECFD5951673A633006048FA /* Default@2x.png in Resources */ = {isa = PBXBuildFile; fileRef = CECFD5941673A633006048FA /* Default@2x.png */; };
		CECFD5971673A633006048FA /* Default-568h@2x.png in Resources */ = {isa = PBXBuildFile; fileRef = CECFD5961673A633006048FA /* Default-568h@2x.png */; };
		CECFD5A31673A6B2006048FA /* UIKit.framework in Frameworks */ = {isa = PBXBuildFile; fileRef = CECFD5801673A632006048FA /* UIKit.framework */; };
		CECFD5A41673A6B2006048FA /* Foundation.framework in Frameworks */ = {isa = PBXBuildFile; fileRef = CECFD5821673A633006048FA /* Foundation.framework */; };
		CECFD5A51673A6B2006048FA /* CoreGraphics.framework in Frameworks */ = {isa = PBXBuildFile; fileRef = CECFD5841673A633006048FA /* CoreGraphics.framework */; };
		CECFD5AB1673A6B2006048FA /* InfoPlist.strings in Resources */ = {isa = PBXBuildFile; fileRef = CECFD5A91673A6B2006048FA /* InfoPlist.strings */; };
		CECFD5AD1673A6B2006048FA /* main.m in Sources */ = {isa = PBXBuildFile; fileRef = CECFD5AC1673A6B2006048FA /* main.m */; };
		CECFD5CB1673A83E006048FA /* MyTest.m in Sources */ = {isa = PBXBuildFile; fileRef = CECFD5CA1673A83E006048FA /* MyTest.m */; };
		CECFD5CE1673A8A5006048FA /* MyMockTest.m in Sources */ = {isa = PBXBuildFile; fileRef = CECFD5CD1673A8A5006048FA /* MyMockTest.m */; };
		F000CEE2644C49509A4F20E8 /* libPods-Tests.a in Frameworks */ = {isa = PBXBuildFile; fileRef = 8069F4191EB44D5889FB6C4F /* libPods-Tests.a */; };
/* End PBXBuildFile section */

/* Begin PBXFileReference section */
		8069F4191EB44D5889FB6C4F /* libPods-Tests.a */ = {isa = PBXFileReference; explicitFileType = archive.ar; includeInIndex = 0; path = "libPods-Tests.a"; sourceTree = BUILT_PRODUCTS_DIR; };
		9A25234DEFFE456DA01A5A2D /* libPods.a */ = {isa = PBXFileReference; explicitFileType = archive.ar; includeInIndex = 0; path = libPods.a; sourceTree = BUILT_PRODUCTS_DIR; };
		CECFD57C1673A632006048FA /* CocoaPodsSample.app */ = {isa = PBXFileReference; explicitFileType = wrapper.application; includeInIndex = 0; path = CocoaPodsSample.app; sourceTree = BUILT_PRODUCTS_DIR; };
		CECFD5801673A632006048FA /* UIKit.framework */ = {isa = PBXFileReference; lastKnownFileType = wrapper.framework; name = UIKit.framework; path = System/Library/Frameworks/UIKit.framework; sourceTree = SDKROOT; };
		CECFD5821673A633006048FA /* Foundation.framework */ = {isa = PBXFileReference; lastKnownFileType = wrapper.framework; name = Foundation.framework; path = System/Library/Frameworks/Foundation.framework; sourceTree = SDKROOT; };
		CECFD5841673A633006048FA /* CoreGraphics.framework */ = {isa = PBXFileReference; lastKnownFileType = wrapper.framework; name = CoreGraphics.framework; path = System/Library/Frameworks/CoreGraphics.framework; sourceTree = SDKROOT; };
		CECFD5881673A633006048FA /* CocoaPodsSample-Info.plist */ = {isa = PBXFileReference; lastKnownFileType = text.plist.xml; path = "CocoaPodsSample-Info.plist"; sourceTree = "<group>"; };
		CECFD58A1673A633006048FA /* en */ = {isa = PBXFileReference; lastKnownFileType = text.plist.strings; name = en; path = en.lproj/InfoPlist.strings; sourceTree = "<group>"; };
		CECFD58C1673A633006048FA /* main.m */ = {isa = PBXFileReference; lastKnownFileType = sourcecode.c.objc; path = main.m; sourceTree = "<group>"; };
		CECFD58E1673A633006048FA /* CocoaPodsSample-Prefix.pch */ = {isa = PBXFileReference; lastKnownFileType = sourcecode.c.h; path = "CocoaPodsSample-Prefix.pch"; sourceTree = "<group>"; };
		CECFD58F1673A633006048FA /* AppDelegate.h */ = {isa = PBXFileReference; lastKnownFileType = sourcecode.c.h; path = AppDelegate.h; sourceTree = "<group>"; };
		CECFD5901673A633006048FA /* AppDelegate.m */ = {isa = PBXFileReference; lastKnownFileType = sourcecode.c.objc; path = AppDelegate.m; sourceTree = "<group>"; };
		CECFD5921673A633006048FA /* Default.png */ = {isa = PBXFileReference; lastKnownFileType = image.png; path = Default.png; sourceTree = "<group>"; };
		CECFD5941673A633006048FA /* Default@2x.png */ = {isa = PBXFileReference; lastKnownFileType = image.png; path = "Default@2x.png"; sourceTree = "<group>"; };
		CECFD5961673A633006048FA /* Default-568h@2x.png */ = {isa = PBXFileReference; lastKnownFileType = image.png; path = "Default-568h@2x.png"; sourceTree = "<group>"; };
		CECFD5A11673A6B2006048FA /* Tests.app */ = {isa = PBXFileReference; explicitFileType = wrapper.application; includeInIndex = 0; path = Tests.app; sourceTree = BUILT_PRODUCTS_DIR; };
		CECFD5A81673A6B2006048FA /* Tests-Info.plist */ = {isa = PBXFileReference; lastKnownFileType = text.plist.xml; path = "Tests-Info.plist"; sourceTree = "<group>"; };
		CECFD5AA1673A6B2006048FA /* en */ = {isa = PBXFileReference; lastKnownFileType = text.plist.strings; name = en; path = en.lproj/InfoPlist.strings; sourceTree = "<group>"; };
		CECFD5AC1673A6B2006048FA /* main.m */ = {isa = PBXFileReference; lastKnownFileType = sourcecode.c.objc; path = main.m; sourceTree = "<group>"; };
		CECFD5AE1673A6B2006048FA /* Tests-Prefix.pch */ = {isa = PBXFileReference; lastKnownFileType = sourcecode.c.h; path = "Tests-Prefix.pch"; sourceTree = "<group>"; };
		CECFD5C91673A83E006048FA /* MyTest.h */ = {isa = PBXFileReference; fileEncoding = 4; lastKnownFileType = sourcecode.c.h; path = MyTest.h; sourceTree = "<group>"; };
		CECFD5CA1673A83E006048FA /* MyTest.m */ = {isa = PBXFileReference; fileEncoding = 4; lastKnownFileType = sourcecode.c.objc; path = MyTest.m; sourceTree = "<group>"; };
		CECFD5CC1673A8A5006048FA /* MyMockTest.h */ = {isa = PBXFileReference; fileEncoding = 4; lastKnownFileType = sourcecode.c.h; path = MyMockTest.h; sourceTree = "<group>"; };
		CECFD5CD1673A8A5006048FA /* MyMockTest.m */ = {isa = PBXFileReference; fileEncoding = 4; lastKnownFileType = sourcecode.c.objc; path = MyMockTest.m; sourceTree = "<group>"; };
		E0CFA3E7D5E24576BE428D37 /* Pods-Tests.xcconfig */ = {isa = PBXFileReference; includeInIndex = 1; lastKnownFileType = text.xcconfig; name = "Pods-Tests.xcconfig"; path = "Pods/Pods-Tests.xcconfig"; sourceTree = SOURCE_ROOT; };
		F11CA6BB5416475D8C1F2192 /* Pods.xcconfig */ = {isa = PBXFileReference; includeInIndex = 1; lastKnownFileType = text.xcconfig; name = Pods.xcconfig; path = Pods/Pods.xcconfig; sourceTree = SOURCE_ROOT; };
/* End PBXFileReference section */

/* Begin PBXFrameworksBuildPhase section */
		CECFD5791673A632006048FA /* Frameworks */ = {
			isa = PBXFrameworksBuildPhase;
			buildActionMask = 2147483647;
			files = (
				CECFD5811673A633006048FA /* UIKit.framework in Frameworks */,
				CECFD5831673A633006048FA /* Foundation.framework in Frameworks */,
				CECFD5851673A633006048FA /* CoreGraphics.framework in Frameworks */,
				1DCE6D52E0634FC0896D115C /* libPods.a in Frameworks */,
			);
			runOnlyForDeploymentPostprocessing = 0;
		};
		CECFD59E1673A6B2006048FA /* Frameworks */ = {
			isa = PBXFrameworksBuildPhase;
			buildActionMask = 2147483647;
			files = (
				CECFD5A31673A6B2006048FA /* UIKit.framework in Frameworks */,
				CECFD5A41673A6B2006048FA /* Foundation.framework in Frameworks */,
				CECFD5A51673A6B2006048FA /* CoreGraphics.framework in Frameworks */,
				F000CEE2644C49509A4F20E8 /* libPods-Tests.a in Frameworks */,
			);
			runOnlyForDeploymentPostprocessing = 0;
		};
/* End PBXFrameworksBuildPhase section */

/* Begin PBXGroup section */
		CECFD5711673A632006048FA = {
			isa = PBXGroup;
			children = (
				CECFD5861673A633006048FA /* CocoaPodsSample */,
				CECFD5A61673A6B2006048FA /* Tests */,
				CECFD57F1673A632006048FA /* Frameworks */,
				CECFD57D1673A632006048FA /* Products */,
				F11CA6BB5416475D8C1F2192 /* Pods.xcconfig */,
				E0CFA3E7D5E24576BE428D37 /* Pods-Tests.xcconfig */,
			);
			sourceTree = "<group>";
		};
		CECFD57D1673A632006048FA /* Products */ = {
			isa = PBXGroup;
			children = (
				CECFD57C1673A632006048FA /* CocoaPodsSample.app */,
				CECFD5A11673A6B2006048FA /* Tests.app */,
			);
			name = Products;
			sourceTree = "<group>";
		};
		CECFD57F1673A632006048FA /* Frameworks */ = {
			isa = PBXGroup;
			children = (
				CECFD5801673A632006048FA /* UIKit.framework */,
				CECFD5821673A633006048FA /* Foundation.framework */,
				CECFD5841673A633006048FA /* CoreGraphics.framework */,
				9A25234DEFFE456DA01A5A2D /* libPods.a */,
				8069F4191EB44D5889FB6C4F /* libPods-Tests.a */,
			);
			name = Frameworks;
			sourceTree = "<group>";
		};
		CECFD5861673A633006048FA /* CocoaPodsSample */ = {
			isa = PBXGroup;
			children = (
				CECFD58F1673A633006048FA /* AppDelegate.h */,
				CECFD5901673A633006048FA /* AppDelegate.m */,
				CECFD5871673A633006048FA /* Supporting Files */,
			);
			path = CocoaPodsSample;
			sourceTree = "<group>";
		};
		CECFD5871673A633006048FA /* Supporting Files */ = {
			isa = PBXGroup;
			children = (
				CECFD5881673A633006048FA /* CocoaPodsSample-Info.plist */,
				CECFD5891673A633006048FA /* InfoPlist.strings */,
				CECFD58C1673A633006048FA /* main.m */,
				CECFD58E1673A633006048FA /* CocoaPodsSample-Prefix.pch */,
				CECFD5921673A633006048FA /* Default.png */,
				CECFD5941673A633006048FA /* Default@2x.png */,
				CECFD5961673A633006048FA /* Default-568h@2x.png */,
			);
			name = "Supporting Files";
			sourceTree = "<group>";
		};
		CECFD5A61673A6B2006048FA /* Tests */ = {
			isa = PBXGroup;
			children = (
				CECFD5A71673A6B2006048FA /* Supporting Files */,
				CECFD5C91673A83E006048FA /* MyTest.h */,
				CECFD5CA1673A83E006048FA /* MyTest.m */,
				CECFD5CC1673A8A5006048FA /* MyMockTest.h */,
				CECFD5CD1673A8A5006048FA /* MyMockTest.m */,
			);
			path = Tests;
			sourceTree = "<group>";
		};
		CECFD5A71673A6B2006048FA /* Supporting Files */ = {
			isa = PBXGroup;
			children = (
				CECFD5A81673A6B2006048FA /* Tests-Info.plist */,
				CECFD5A91673A6B2006048FA /* InfoPlist.strings */,
				CECFD5AC1673A6B2006048FA /* main.m */,
				CECFD5AE1673A6B2006048FA /* Tests-Prefix.pch */,
			);
			name = "Supporting Files";
			sourceTree = "<group>";
		};
/* End PBXGroup section */

/* Begin PBXNativeTarget section */
		CECFD57B1673A632006048FA /* CocoaPodsSample */ = {
			isa = PBXNativeTarget;
			buildConfigurationList = CECFD59A1673A633006048FA /* Build configuration list for PBXNativeTarget "CocoaPodsSample" */;
			buildPhases = (
				CECFD5781673A632006048FA /* Sources */,
				CECFD5791673A632006048FA /* Frameworks */,
				CECFD57A1673A632006048FA /* Resources */,
				9D02209345CE4588B53C4326 /* Copy Pods Resources */,
			);
			buildRules = (
			);
			dependencies = (
			);
			name = CocoaPodsSample;
			productName = CocoaPodsSample;
			productReference = CECFD57C1673A632006048FA /* CocoaPodsSample.app */;
			productType = "com.apple.product-type.application";
		};
		CECFD5A01673A6B2006048FA /* Tests */ = {
			isa = PBXNativeTarget;
			buildConfigurationList = CECFD5B81673A6B2006048FA /* Build configuration list for PBXNativeTarget "Tests" */;
			buildPhases = (
				CECFD59D1673A6B2006048FA /* Sources */,
				CECFD59E1673A6B2006048FA /* Frameworks */,
				CECFD59F1673A6B2006048FA /* Resources */,
				35B0E8EDADF34656A7DE57CA /* Copy Pods Resources */,
				CECFD5CF1673AA65006048FA /* ShellScript */,
			);
			buildRules = (
			);
			dependencies = (
			);
			name = Tests;
			productName = Tests;
			productReference = CECFD5A11673A6B2006048FA /* Tests.app */;
			productType = "com.apple.product-type.application";
		};
/* End PBXNativeTarget section */

/* Begin PBXProject section */
		CECFD5731673A632006048FA /* Project object */ = {
			isa = PBXProject;
			attributes = {
				LastUpgradeCheck = 0450;
				ORGANIZATIONNAME = mtgto;
			};
			buildConfigurationList = CECFD5761673A632006048FA /* Build configuration list for PBXProject "CocoaPodsSample" */;
			compatibilityVersion = "Xcode 3.2";
			developmentRegion = English;
			hasScannedForEncodings = 0;
			knownRegions = (
				en,
			);
			mainGroup = CECFD5711673A632006048FA;
			productRefGroup = CECFD57D1673A632006048FA /* Products */;
			projectDirPath = "";
			projectRoot = "";
			targets = (
				CECFD57B1673A632006048FA /* CocoaPodsSample */,
				CECFD5A01673A6B2006048FA /* Tests */,
			);
		};
/* End PBXProject section */

/* Begin PBXResourcesBuildPhase section */
		CECFD57A1673A632006048FA /* Resources */ = {
			isa = PBXResourcesBuildPhase;
			buildActionMask = 2147483647;
			files = (
				CECFD58B1673A633006048FA /* InfoPlist.strings in Resources */,
				CECFD5931673A633006048FA /* Default.png in Resources */,
				CECFD5951673A633006048FA /* Default@2x.png in Resources */,
				CECFD5971673A633006048FA /* Default-568h@2x.png in Resources */,
			);
			runOnlyForDeploymentPostprocessing = 0;
		};
		CECFD59F1673A6B2006048FA /* Resources */ = {
			isa = PBXResourcesBuildPhase;
			buildActionMask = 2147483647;
			files = (
				CECFD5AB1673A6B2006048FA /* InfoPlist.strings in Resources */,
			);
			runOnlyForDeploymentPostprocessing = 0;
		};
/* End PBXResourcesBuildPhase section */

/* Begin PBXShellScriptBuildPhase section */
		35B0E8EDADF34656A7DE57CA /* Copy Pods Resources */ = {
			isa = PBXShellScriptBuildPhase;
			buildActionMask = 2147483647;
			files = (
			);
			inputPaths = (
			);
			name = "Copy Pods Resources";
			outputPaths = (
			);
			runOnlyForDeploymentPostprocessing = 0;
			shellPath = /bin/sh;
			shellScript = "\"${SRCROOT}/Pods/Pods-Tests-resources.sh\"\n";
		};
		9D02209345CE4588B53C4326 /* Copy Pods Resources */ = {
			isa = PBXShellScriptBuildPhase;
			buildActionMask = 2147483647;
			files = (
			);
			inputPaths = (
			);
			name = "Copy Pods Resources";
			outputPaths = (
			);
			runOnlyForDeploymentPostprocessing = 0;
			shellPath = /bin/sh;
			shellScript = "\"${SRCROOT}/Pods/Pods-resources.sh\"\n";
		};
		CECFD5CF1673AA65006048FA /* ShellScript */ = {
			isa = PBXShellScriptBuildPhase;
			buildActionMask = 2147483647;
			files = (
			);
			inputPaths = (
			);
			outputPaths = (
			);
			runOnlyForDeploymentPostprocessing = 0;
			shellPath = /bin/sh;
			shellScript = "sh RunTests.sh";
		};
/* End PBXShellScriptBuildPhase section */

/* Begin PBXSourcesBuildPhase section */
		CECFD5781673A632006048FA /* Sources */ = {
			isa = PBXSourcesBuildPhase;
			buildActionMask = 2147483647;
			files = (
				CECFD58D1673A633006048FA /* main.m in Sources */,
				CECFD5911673A633006048FA /* AppDelegate.m in Sources */,
			);
			runOnlyForDeploymentPostprocessing = 0;
		};
		CECFD59D1673A6B2006048FA /* Sources */ = {
			isa = PBXSourcesBuildPhase;
			buildActionMask = 2147483647;
			files = (
				CECFD5AD1673A6B2006048FA /* main.m in Sources */,
				CECFD5CB1673A83E006048FA /* MyTest.m in Sources */,
				CECFD5CE1673A8A5006048FA /* MyMockTest.m in Sources */,
			);
			runOnlyForDeploymentPostprocessing = 0;
		};
/* End PBXSourcesBuildPhase section */

/* Begin PBXVariantGroup section */
		CECFD5891673A633006048FA /* InfoPlist.strings */ = {
			isa = PBXVariantGroup;
			children = (
				CECFD58A1673A633006048FA /* en */,
			);
			name = InfoPlist.strings;
			sourceTree = "<group>";
		};
		CECFD5A91673A6B2006048FA /* InfoPlist.strings */ = {
			isa = PBXVariantGroup;
			children = (
				CECFD5AA1673A6B2006048FA /* en */,
			);
			name = InfoPlist.strings;
			sourceTree = "<group>";
		};
/* End PBXVariantGroup section */

/* Begin XCBuildConfiguration section */
		CECFD5981673A633006048FA /* Debug */ = {
			isa = XCBuildConfiguration;
			buildSettings = {
				ALWAYS_SEARCH_USER_PATHS = NO;
				CLANG_CXX_LANGUAGE_STANDARD = "gnu++0x";
				CLANG_CXX_LIBRARY = "libc++";
				CLANG_ENABLE_OBJC_ARC = YES;
				CLANG_WARN_EMPTY_BODY = YES;
				CLANG_WARN__DUPLICATE_METHOD_MATCH = YES;
				"CODE_SIGN_IDENTITY[sdk=iphoneos*]" = "iPhone Developer";
				COPY_PHASE_STRIP = NO;
				GCC_C_LANGUAGE_STANDARD = gnu99;
				GCC_DYNAMIC_NO_PIC = NO;
				GCC_OPTIMIZATION_LEVEL = 0;
				GCC_PREPROCESSOR_DEFINITIONS = (
					"DEBUG=1",
					"$(inherited)",
				);
				GCC_SYMBOLS_PRIVATE_EXTERN = NO;
				GCC_WARN_ABOUT_RETURN_TYPE = YES;
				GCC_WARN_UNINITIALIZED_AUTOS = YES;
				GCC_WARN_UNUSED_VARIABLE = YES;
				IPHONEOS_DEPLOYMENT_TARGET = 6.0;
				ONLY_ACTIVE_ARCH = YES;
				SDKROOT = iphoneos;
				TARGETED_DEVICE_FAMILY = "1,2";
			};
			name = Debug;
		};
		CECFD5991673A633006048FA /* Release */ = {
			isa = XCBuildConfiguration;
			buildSettings = {
				ALWAYS_SEARCH_USER_PATHS = NO;
				CLANG_CXX_LANGUAGE_STANDARD = "gnu++0x";
				CLANG_CXX_LIBRARY = "libc++";
				CLANG_ENABLE_OBJC_ARC = YES;
				CLANG_WARN_EMPTY_BODY = YES;
				CLANG_WARN__DUPLICATE_METHOD_MATCH = YES;
				"CODE_SIGN_IDENTITY[sdk=iphoneos*]" = "iPhone Developer";
				COPY_PHASE_STRIP = YES;
				GCC_C_LANGUAGE_STANDARD = gnu99;
				GCC_WARN_ABOUT_RETURN_TYPE = YES;
				GCC_WARN_UNINITIALIZED_AUTOS = YES;
				GCC_WARN_UNUSED_VARIABLE = YES;
				IPHONEOS_DEPLOYMENT_TARGET = 6.0;
				OTHER_CFLAGS = "-DNS_BLOCK_ASSERTIONS=1";
				SDKROOT = iphoneos;
				TARGETED_DEVICE_FAMILY = "1,2";
				VALIDATE_PRODUCT = YES;
			};
			name = Release;
		};
		CECFD59B1673A633006048FA /* Debug */ = {
			isa = XCBuildConfiguration;
			baseConfigurationReference = F11CA6BB5416475D8C1F2192 /* Pods.xcconfig */;
			buildSettings = {
				GCC_PRECOMPILE_PREFIX_HEADER = YES;
				GCC_PREFIX_HEADER = "CocoaPodsSample/CocoaPodsSample-Prefix.pch";
				INFOPLIST_FILE = "CocoaPodsSample/CocoaPodsSample-Info.plist";
				PRODUCT_NAME = "$(TARGET_NAME)";
				WRAPPER_EXTENSION = app;
			};
			name = Debug;
		};
		CECFD59C1673A633006048FA /* Release */ = {
			isa = XCBuildConfiguration;
			baseConfigurationReference = F11CA6BB5416475D8C1F2192 /* Pods.xcconfig */;
			buildSettings = {
				GCC_PRECOMPILE_PREFIX_HEADER = YES;
				GCC_PREFIX_HEADER = "CocoaPodsSample/CocoaPodsSample-Prefix.pch";
				INFOPLIST_FILE = "CocoaPodsSample/CocoaPodsSample-Info.plist";
				PRODUCT_NAME = "$(TARGET_NAME)";
				WRAPPER_EXTENSION = app;
			};
			name = Release;
		};
		CECFD5B91673A6B2006048FA /* Debug */ = {
			isa = XCBuildConfiguration;
			baseConfigurationReference = E0CFA3E7D5E24576BE428D37 /* Pods-Tests.xcconfig */;
			buildSettings = {
				"CODE_SIGN_IDENTITY[sdk=iphoneos*]" = "iPhone Developer";
				GCC_PRECOMPILE_PREFIX_HEADER = YES;
				GCC_PREFIX_HEADER = "Tests/Tests-Prefix.pch";
				INFOPLIST_FILE = "Tests/Tests-Info.plist";
				OTHER_LDFLAGS = (
					"-ObjC",
					"-framework",
					CoreLocation,
					"-all_load",
				);
				PRODUCT_NAME = "$(TARGET_NAME)";
				WRAPPER_EXTENSION = app;
			};
			name = Debug;
		};
		CECFD5BA1673A6B2006048FA /* Release */ = {
			isa = XCBuildConfiguration;
			baseConfigurationReference = E0CFA3E7D5E24576BE428D37 /* Pods-Tests.xcconfig */;
			buildSettings = {
				"CODE_SIGN_IDENTITY[sdk=iphoneos*]" = "iPhone Developer";
				GCC_PRECOMPILE_PREFIX_HEADER = YES;
				GCC_PREFIX_HEADER = "Tests/Tests-Prefix.pch";
				INFOPLIST_FILE = "Tests/Tests-Info.plist";
				OTHER_LDFLAGS = (
					"-ObjC",
					"-framework",
					CoreLocation,
					"-all_load",
				);
				PRODUCT_NAME = "$(TARGET_NAME)";
				WRAPPER_EXTENSION = app;
			};
			name = Release;
		};
/* End XCBuildConfiguration section */

/* Begin XCConfigurationList section */
		CECFD5761673A632006048FA /* Build configuration list for PBXProject "CocoaPodsSample" */ = {
			isa = XCConfigurationList;
			buildConfigurations = (
				CECFD5981673A633006048FA /* Debug */,
				CECFD5991673A633006048FA /* Release */,
			);
			defaultConfigurationIsVisible = 0;
			defaultConfigurationName = Release;
		};
		CECFD59A1673A633006048FA /* Build configuration list for PBXNativeTarget "CocoaPodsSample" */ = {
			isa = XCConfigurationList;
			buildConfigurations = (
				CECFD59B1673A633006048FA /* Debug */,
				CECFD59C1673A633006048FA /* Release */,
			);
			defaultConfigurationIsVisible = 0;
			defaultConfigurationName = Release;
		};
		CECFD5B81673A6B2006048FA /* Build configuration list for PBXNativeTarget "Tests" */ = {
			isa = XCConfigurationList;
			buildConfigurations = (
				CECFD5B91673A6B2006048FA /* Debug */,
				CECFD5BA1673A6B2006048FA /* Release */,
			);
			defaultConfigurationIsVisible = 0;
			defaultConfigurationName = Release;
		};
/* End XCConfigurationList section */
	};
	rootObject = CECFD5731673A632006048FA /* Project object */;
}
